{
  "name": "eslint-config-mojiscript",
  "version": "1.0.0",
  "lockfileVersion": 1,
  "requires": true,
  "dependencies": {
    "create-eslint-index": {
      "version": "1.0.0",
      "resolved": "https://registry.npmjs.org/create-eslint-index/-/create-eslint-index-1.0.0.tgz",
      "integrity": "sha1-2VQ3LYbVeS/NZ+nyt5GxqxYkEbs=",
      "dev": true,
      "requires": {
        "lodash.get": "^4.3.0"
      }
    },
    "eslint-ast-utils": {
      "version": "1.1.0",
      "resolved": "https://registry.npmjs.org/eslint-ast-utils/-/eslint-ast-utils-1.1.0.tgz",
      "integrity": "sha512-otzzTim2/1+lVrlH19EfQQJEhVJSu0zOb9ygb3iapN6UlyaDtyRq4b5U1FuW0v1lRa9Fp/GJyHkSwm6NqABgCA==",
      "dev": true,
      "requires": {
        "lodash.get": "^4.4.2",
        "lodash.zip": "^4.2.0"
      }
    },
    "eslint-plugin-fp": {
      "version": "2.3.0",
      "resolved": "https://registry.npmjs.org/eslint-plugin-fp/-/eslint-plugin-fp-2.3.0.tgz",
      "integrity": "sha1-N20qEIcQ6YGYC9w4deO5kg2gSJw=",
      "dev": true,
      "requires": {
        "create-eslint-index": "^1.0.0",
        "eslint-ast-utils": "^1.0.0",
        "lodash": "^4.13.1",
        "req-all": "^0.1.0"
      }
    },
    "eslint-plugin-prefer-arrow": {
      "version": "1.1.3",
      "resolved": "https://registry.npmjs.org/eslint-plugin-prefer-arrow/-/eslint-plugin-prefer-arrow-1.1.3.tgz",
      "integrity": "sha512-Mjgrqz0KlvsdhKOyO4Hy/wPvXz0t/VFkkUA0Inppn6efPVacqZb+QiRZFoZLS4y1GQF6nawBvGh9gaqtZDXGUg==",
      "dev": true
    },
    "lodash": {
      "version": "4.17.11",
      "resolved": "https://registry.npmjs.org/lodash/-/lodash-4.17.11.tgz",
      "integrity": "sha512-cQKh8igo5QUhZ7lg38DYWAxMvjSAKG0A8wGSVimP07SIUEK2UO+arSRKbRZWtelMtN5V0Hkwh5ryOto/SshYIg==",
      "dev": true
    },
    "lodash.get": {
      "version": "4.4.2",
      "resolved": "https://registry.npmjs.org/lodash.get/-/lodash.get-4.4.2.tgz",
      "integrity": "sha1-LRd/ZS+jHpObRDjVNBSZ36OCXpk=",
      "dev": true
    },
    "lodash.zip": {
      "version": "4.2.0",
      "resolved": "https://registry.npmjs.org/lodash.zip/-/lodash.zip-4.2.0.tgz",
      "integrity": "sha1-7GZi5IlkCO1KtsVCo5kLcswIACA=",
      "dev": true
    },
    "req-all": {
      "version": "0.1.0",
      "resolved": "https://registry.npmjs.org/req-all/-/req-all-0.1.0.tgz",
      "integrity": "sha1-EwBR4qzligLqy/ydRIV3pzapJzo=",
      "dev": true
    }
  }
}
