{
  "name": "eslint-config-mojiscript",
  "version": "1.0.0",
  "lockfileVersion": 1,
  "requires": true,
  "dependencies": {
    "eslint-plugin-better": {
      "version": "0.1.5",
      "resolved": "https://registry.npmjs.org/eslint-plugin-better/-/eslint-plugin-better-0.1.5.tgz",
      "integrity": "sha1-nlB4MbbgLbv3UlAz0bzY6o2znOg=",
      "dev": true
    }
  }
}
